
Microsoft Visual Studio Solution File, Format Version 12.00
# Visual Studio Version 16
VisualStudioVersion = 16.0.29905.134
MinimumVisualStudioVersion = 10.0.40219.1
Project("{FAE04EC0-301F-11D3-BF4B-00C04F79EFBC}") = "InventorywebAPI", "InventorywebAPI\InventorywebAPI.csproj", "{970DAE17-5674-42BA-9C28-EB9905FD46BF}"
EndProject
Global
	GlobalSection(SolutionConfigurationPlatforms) = preSolution
		Debug|Any CPU = Debug|Any CPU
		Release|Any CPU = Release|Any CPU
	EndGlobalSection
	GlobalSection(ProjectConfigurationPlatforms) = postSolution
		{970DAE17-5674-42BA-9C28-EB9905FD46BF}.Debug|Any CPU.ActiveCfg = Debug|Any CPU
		{970DAE17-5674-42BA-9C28-EB9905FD46BF}.Debug|Any CPU.Build.0 = Debug|Any CPU
		{970DAE17-5674-42BA-9C28-EB9905FD46BF}.Release|Any CPU.ActiveCfg = Release|Any CPU
		{970DAE17-5674-42BA-9C28-EB9905FD46BF}.Release|Any CPU.Build.0 = Release|Any CPU
	EndGlobalSection
	GlobalSection(SolutionProperties) = preSolution
		HideSolutionNode = FALSE
	EndGlobalSection
	GlobalSection(ExtensibilityGlobals) = postSolution
		SolutionGuid = {C2805C8B-0602-4302-B17C-74A94207298E}
	EndGlobalSection
EndGlobal
